// !$*UTF8*$!
{
	archiveVersion = 1;
	classes = {
	};
	objectVersion = 46;
	objects = {

/* Begin PBXBuildFile section */
		091216001ABA75AD00FCC2F4 /* GCDAsyncUdpSocket.m in Sources */ = {isa = PBXBuildFile; fileRef = 091215FF1ABA75AD00FCC2F4 /* GCDAsyncUdpSocket.m */; };
		09A82A0E1AEBDB13000170C8 /* header.m in Sources */ = {isa = PBXBuildFile; fileRef = 09A82A091AEBDB13000170C8 /* header.m */; };
		09A82A0F1AEBDB13000170C8 /* receivedBottles.m in Sources */ = {isa = PBXBuildFile; fileRef = 09A82A0B1AEBDB13000170C8 /* receivedBottles.m */; };
		09A82A101AEBDB13000170C8 /* subPacket.m in Sources */ = {isa = PBXBuildFile; fileRef = 09A82A0D1AEBDB13000170C8 /* subPacket.m */; };
		09B286EF1AE88D7700D940EE /* IPAdress.c in Sources */ = {isa = PBXBuildFile; fileRef = 09B286EE1AE88D7700D940EE /* IPAdress.c */; };
		09D30FD71AABF070003870A4 /* main.m in Sources */ = {isa = PBXBuildFile; fileRef = 09D30FD61AABF070003870A4 /* main.m */; };
		09D30FDA1AABF070003870A4 /* AppDelegate.m in Sources */ = {isa = PBXBuildFile; fileRef = 09D30FD91AABF070003870A4 /* AppDelegate.m */; };
		09D30FDD1AABF070003870A4 /* ViewController.m in Sources */ = {isa = PBXBuildFile; fileRef = 09D30FDC1AABF070003870A4 /* ViewController.m */; };
		09D30FE01AABF070003870A4 /* Main.storyboard in Resources */ = {isa = PBXBuildFile; fileRef = 09D30FDE1AABF070003870A4 /* Main.storyboard */; };
		09D30FE21AABF071003870A4 /* Images.xcassets in Resources */ = {isa = PBXBuildFile; fileRef = 09D30FE11AABF071003870A4 /* Images.xcassets */; };
		09D30FE51AABF071003870A4 /* LaunchScreen.xib in Resources */ = {isa = PBXBuildFile; fileRef = 09D30FE31AABF071003870A4 /* LaunchScreen.xib */; };
		09D30FF11AABF071003870A4 /* UdpBroadcastTestForIOSTests.m in Sources */ = {isa = PBXBuildFile; fileRef = 09D30FF01AABF071003870A4 /* UdpBroadcastTestForIOSTests.m */; };
/* End PBXBuildFile section */

/* Begin PBXContainerItemProxy section */
		09D30FEB1AABF071003870A4 /* PBXContainerItemProxy */ = {
			isa = PBXContainerItemProxy;
			containerPortal = 09D30FC91AABF070003870A4 /* Project object */;
			proxyType = 1;
			remoteGlobalIDString = 09D30FD01AABF070003870A4;
			remoteInfo = UdpBroadcastTestForIOS;
		};
/* End PBXContainerItemProxy section */

/* Begin PBXFileReference section */
		091215FE1ABA75AC00FCC2F4 /* GCDAsyncUdpSocket.h */ = {isa = PBXFileReference; fileEncoding = 4; lastKnownFileType = sourcecode.c.h; path = GCDAsyncUdpSocket.h; sourceTree = "<group>"; };
		091215FF1ABA75AD00FCC2F4 /* GCDAsyncUdpSocket.m */ = {isa = PBXFileReference; fileEncoding = 4; lastKnownFileType = sourcecode.c.objc; path = GCDAsyncUdpSocket.m; sourceTree = "<group>"; };
		09A82A081AEBDB13000170C8 /* header.h */ = {isa = PBXFileReference; fileEncoding = 4; lastKnownFileType = sourcecode.c.h; path = header.h; sourceTree = "<group>"; };
		09A82A091AEBDB13000170C8 /* header.m */ = {isa = PBXFileReference; fileEncoding = 4; lastKnownFileType = sourcecode.c.objc; path = header.m; sourceTree = "<group>"; };
		09A82A0A1AEBDB13000170C8 /* receivedBottles.h */ = {isa = PBXFileReference; fileEncoding = 4; lastKnownFileType = sourcecode.c.h; path = receivedBottles.h; sourceTree = "<group>"; };
		09A82A0B1AEBDB13000170C8 /* receivedBottles.m */ = {isa = PBXFileReference; fileEncoding = 4; lastKnownFileType = sourcecode.c.objc; path = receivedBottles.m; sourceTree = "<group>"; };
		09A82A0C1AEBDB13000170C8 /* subPacket.h */ = {isa = PBXFileReference; fileEncoding = 4; lastKnownFileType = sourcecode.c.h; path = subPacket.h; sourceTree = "<group>"; };
		09A82A0D1AEBDB13000170C8 /* subPacket.m */ = {isa = PBXFileReference; fileEncoding = 4; lastKnownFileType = sourcecode.c.objc; path = subPacket.m; sourceTree = "<group>"; };
		09B286ED1AE88D7700D940EE /* IPAddress.h */ = {isa = PBXFileReference; fileEncoding = 4; lastKnownFileType = sourcecode.c.h; path = IPAddress.h; sourceTree = "<group>"; };
		09B286EE1AE88D7700D940EE /* IPAdress.c */ = {isa = PBXFileReference; fileEncoding = 4; lastKnownFileType = sourcecode.c.c; path = IPAdress.c; sourceTree = "<group>"; };
		09D30FD11AABF070003870A4 /* UdpBroadcastTestForIOS.app */ = {isa = PBXFileReference; explicitFileType = wrapper.application; includeInIndex = 0; path = UdpBroadcastTestForIOS.app; sourceTree = BUILT_PRODUCTS_DIR; };
		09D30FD51AABF070003870A4 /* Info.plist */ = {isa = PBXFileReference; lastKnownFileType = text.plist.xml; path = Info.plist; sourceTree = "<group>"; };
		09D30FD61AABF070003870A4 /* main.m */ = {isa = PBXFileReference; lastKnownFileType = sourcecode.c.objc; path = main.m; sourceTree = "<group>"; };
		09D30FD81AABF070003870A4 /* AppDelegate.h */ = {isa = PBXFileReference; lastKnownFileType = sourcecode.c.h; path = AppDelegate.h; sourceTree = "<group>"; };
		09D30FD91AABF070003870A4 /* AppDelegate.m */ = {isa = PBXFileReference; lastKnownFileType = sourcecode.c.objc; path = AppDelegate.m; sourceTree = "<group>"; };
		09D30FDB1AABF070003870A4 /* ViewController.h */ = {isa = PBXFileReference; lastKnownFileType = sourcecode.c.h; path = ViewController.h; sourceTree = "<group>"; };
		09D30FDC1AABF070003870A4 /* ViewController.m */ = {isa = PBXFileReference; lastKnownFileType = sourcecode.c.objc; path = ViewController.m; sourceTree = "<group>"; };
		09D30FDF1AABF070003870A4 /* Base */ = {isa = PBXFileReference; lastKnownFileType = file.storyboard; name = Base; path = Base.lproj/Main.storyboard; sourceTree = "<group>"; };
		09D30FE11AABF071003870A4 /* Images.xcassets */ = {isa = PBXFileReference; lastKnownFileType = folder.assetcatalog; path = Images.xcassets; sourceTree = "<group>"; };
		09D30FE41AABF071003870A4 /* Base */ = {isa = PBXFileReference; lastKnownFileType = file.xib; name = Base; path = Base.lproj/LaunchScreen.xib; sourceTree = "<group>"; };
		09D30FEA1AABF071003870A4 /* UdpBroadcastTestForIOSTests.xctest */ = {isa = PBXFileReference; explicitFileType = wrapper.cfbundle; includeInIndex = 0; path = UdpBroadcastTestForIOSTests.xctest; sourceTree = BUILT_PRODUCTS_DIR; };
		09D30FEF1AABF071003870A4 /* Info.plist */ = {isa = PBXFileReference; lastKnownFileType = text.plist.xml; path = Info.plist; sourceTree = "<group>"; };
		09D30FF01AABF071003870A4 /* UdpBroadcastTestForIOSTests.m */ = {isa = PBXFileReference; lastKnownFileType = sourcecode.c.objc; path = UdpBroadcastTestForIOSTests.m; sourceTree = "<group>"; };
/* End PBXFileReference section */

/* Begin PBXFrameworksBuildPhase section */
		09D30FCE1AABF070003870A4 /* Frameworks */ = {
			isa = PBXFrameworksBuildPhase;
			buildActionMask = 2147483647;
			files = (
			);
			runOnlyForDeploymentPostprocessing = 0;
		};
		09D30FE71AABF071003870A4 /* Frameworks */ = {
			isa = PBXFrameworksBuildPhase;
			buildActionMask = 2147483647;
			files = (
			);
			runOnlyForDeploymentPostprocessing = 0;
		};
/* End PBXFrameworksBuildPhase section */

/* Begin PBXGroup section */
		09D30FC81AABF070003870A4 = {
			isa = PBXGroup;
			children = (
				09D30FD31AABF070003870A4 /* UdpBroadcastTestForIOS */,
				09D30FED1AABF071003870A4 /* UdpBroadcastTestForIOSTests */,
				09D30FD21AABF070003870A4 /* Products */,
			);
			sourceTree = "<group>";
		};
		09D30FD21AABF070003870A4 /* Products */ = {
			isa = PBXGroup;
			children = (
				09D30FD11AABF070003870A4 /* UdpBroadcastTestForIOS.app */,
				09D30FEA1AABF071003870A4 /* UdpBroadcastTestForIOSTests.xctest */,
			);
			name = Products;
			sourceTree = "<group>";
		};
		09D30FD31AABF070003870A4 /* UdpBroadcastTestForIOS */ = {
			isa = PBXGroup;
			children = (
				09A82A081AEBDB13000170C8 /* header.h */,
				09A82A091AEBDB13000170C8 /* header.m */,
				09A82A0A1AEBDB13000170C8 /* receivedBottles.h */,
				09A82A0B1AEBDB13000170C8 /* receivedBottles.m */,
				09A82A0C1AEBDB13000170C8 /* subPacket.h */,
				09A82A0D1AEBDB13000170C8 /* subPacket.m */,
				09B286ED1AE88D7700D940EE /* IPAddress.h */,
				09B286EE1AE88D7700D940EE /* IPAdress.c */,
				091215FE1ABA75AC00FCC2F4 /* GCDAsyncUdpSocket.h */,
				091215FF1ABA75AD00FCC2F4 /* GCDAsyncUdpSocket.m */,
				09D30FD81AABF070003870A4 /* AppDelegate.h */,
				09D30FD91AABF070003870A4 /* AppDelegate.m */,
				09D30FDB1AABF070003870A4 /* ViewController.h */,
				09D30FDC1AABF070003870A4 /* ViewController.m */,
				09D30FDE1AABF070003870A4 /* Main.storyboard */,
				09D30FE11AABF071003870A4 /* Images.xcassets */,
				09D30FE31AABF071003870A4 /* LaunchScreen.xib */,
				09D30FD41AABF070003870A4 /* Supporting Files */,
			);
			path = UdpBroadcastTestForIOS;
			sourceTree = "<group>";
		};
		09D30FD41AABF070003870A4 /* Supporting Files */ = {
			isa = PBXGroup;
			children = (
				09D30FD51AABF070003870A4 /* Info.plist */,
				09D30FD61AABF070003870A4 /* main.m */,
			);
			name = "Supporting Files";
			sourceTree = "<group>";
		};
		09D30FED1AABF071003870A4 /* UdpBroadcastTestForIOSTests */ = {
			isa = PBXGroup;
			children = (
				09D30FF01AABF071003870A4 /* UdpBroadcastTestForIOSTests.m */,
				09D30FEE1AABF071003870A4 /* Supporting Files */,
			);
			path = UdpBroadcastTestForIOSTests;
			sourceTree = "<group>";
		};
		09D30FEE1AABF071003870A4 /* Supporting Files */ = {
			isa = PBXGroup;
			children = (
				09D30FEF1AABF071003870A4 /* Info.plist */,
			);
			name = "Supporting Files";
			sourceTree = "<group>";
		};
/* End PBXGroup section */

/* Begin PBXNativeTarget section */
		09D30FD01AABF070003870A4 /* UdpBroadcastTestForIOS */ = {
			isa = PBXNativeTarget;
			buildConfigurationList = 09D30FF41AABF071003870A4 /* Build configuration list for PBXNativeTarget "UdpBroadcastTestForIOS" */;
			buildPhases = (
				09D30FCD1AABF070003870A4 /* Sources */,
				09D30FCE1AABF070003870A4 /* Frameworks */,
				09D30FCF1AABF070003870A4 /* Resources */,
			);
			buildRules = (
			);
			dependencies = (
			);
			name = UdpBroadcastTestForIOS;
			productName = UdpBroadcastTestForIOS;
			productReference = 09D30FD11AABF070003870A4 /* UdpBroadcastTestForIOS.app */;
			productType = "com.apple.product-type.application";
		};
		09D30FE91AABF071003870A4 /* UdpBroadcastTestForIOSTests */ = {
			isa = PBXNativeTarget;
			buildConfigurationList = 09D30FF71AABF071003870A4 /* Build configuration list for PBXNativeTarget "UdpBroadcastTestForIOSTests" */;
			buildPhases = (
				09D30FE61AABF071003870A4 /* Sources */,
				09D30FE71AABF071003870A4 /* Frameworks */,
				09D30FE81AABF071003870A4 /* Resources */,
			);
			buildRules = (
			);
			dependencies = (
				09D30FEC1AABF071003870A4 /* PBXTargetDependency */,
			);
			name = UdpBroadcastTestForIOSTests;
			productName = UdpBroadcastTestForIOSTests;
			productReference = 09D30FEA1AABF071003870A4 /* UdpBroadcastTestForIOSTests.xctest */;
			productType = "com.apple.product-type.bundle.unit-test";
		};
/* End PBXNativeTarget section */

/* Begin PBXProject section */
		09D30FC91AABF070003870A4 /* Project object */ = {
			isa = PBXProject;
			attributes = {
				LastUpgradeCheck = 0600;
				ORGANIZATIONNAME = sseOfUSTC;
				TargetAttributes = {
					09D30FD01AABF070003870A4 = {
						CreatedOnToolsVersion = 6.0.1;
					};
					09D30FE91AABF071003870A4 = {
						CreatedOnToolsVersion = 6.0.1;
						TestTargetID = 09D30FD01AABF070003870A4;
					};
				};
			};
			buildConfigurationList = 09D30FCC1AABF070003870A4 /* Build configuration list for PBXProject "UdpBroadcastTestForIOS" */;
			compatibilityVersion = "Xcode 3.2";
			developmentRegion = English;
			hasScannedForEncodings = 0;
			knownRegions = (
				en,
				Base,
			);
			mainGroup = 09D30FC81AABF070003870A4;
			productRefGroup = 09D30FD21AABF070003870A4 /* Products */;
			projectDirPath = "";
			projectRoot = "";
			targets = (
				09D30FD01AABF070003870A4 /* UdpBroadcastTestForIOS */,
				09D30FE91AABF071003870A4 /* UdpBroadcastTestForIOSTests */,
			);
		};
/* End PBXProject section */

/* Begin PBXResourcesBuildPhase section */
		09D30FCF1AABF070003870A4 /* Resources */ = {
			isa = PBXResourcesBuildPhase;
			buildActionMask = 2147483647;
			files = (
				09D30FE01AABF070003870A4 /* Main.storyboard in Resources */,
				09D30FE51AABF071003870A4 /* LaunchScreen.xib in Resources */,
				09D30FE21AABF071003870A4 /* Images.xcassets in Resources */,
			);
			runOnlyForDeploymentPostprocessing = 0;
		};
		09D30FE81AABF071003870A4 /* Resources */ = {
			isa = PBXResourcesBuildPhase;
			buildActionMask = 2147483647;
			files = (
			);
			runOnlyForDeploymentPostprocessing = 0;
		};
/* End PBXResourcesBuildPhase section */

/* Begin PBXSourcesBuildPhase section */
		09D30FCD1AABF070003870A4 /* Sources */ = {
			isa = PBXSourcesBuildPhase;
			buildActionMask = 2147483647;
			files = (
				09A82A101AEBDB13000170C8 /* subPacket.m in Sources */,
				09A82A0F1AEBDB13000170C8 /* receivedBottles.m in Sources */,
				09A82A0E1AEBDB13000170C8 /* header.m in Sources */,
				09D30FDD1AABF070003870A4 /* ViewController.m in Sources */,
				09B286EF1AE88D7700D940EE /* IPAdress.c in Sources */,
				091216001ABA75AD00FCC2F4 /* GCDAsyncUdpSocket.m in Sources */,
				09D30FDA1AABF070003870A4 /* AppDelegate.m in Sources */,
				09D30FD71AABF070003870A4 /* main.m in Sources */,
			);
			runOnlyForDeploymentPostprocessing = 0;
		};
		09D30FE61AABF071003870A4 /* Sources */ = {
			isa = PBXSourcesBuildPhase;
			buildActionMask = 2147483647;
			files = (
				09D30FF11AABF071003870A4 /* UdpBroadcastTestForIOSTests.m in Sources */,
			);
			runOnlyForDeploymentPostprocessing = 0;
		};
/* End PBXSourcesBuildPhase section */

/* Begin PBXTargetDependency section */
		09D30FEC1AABF071003870A4 /* PBXTargetDependency */ = {
			isa = PBXTargetDependency;
			target = 09D30FD01AABF070003870A4 /* UdpBroadcastTestForIOS */;
			targetProxy = 09D30FEB1AABF071003870A4 /* PBXContainerItemProxy */;
		};
/* End PBXTargetDependency section */

/* Begin PBXVariantGroup section */
		09D30FDE1AABF070003870A4 /* Main.storyboard */ = {
			isa = PBXVariantGroup;
			children = (
				09D30FDF1AABF070003870A4 /* Base */,
			);
			name = Main.storyboard;
			sourceTree = "<group>";
		};
		09D30FE31AABF071003870A4 /* LaunchScreen.xib */ = {
			isa = PBXVariantGroup;
			children = (
				09D30FE41AABF071003870A4 /* Base */,
			);
			name = LaunchScreen.xib;
			sourceTree = "<group>";
		};
/* End PBXVariantGroup section */

/* Begin XCBuildConfiguration section */
		09D30FF21AABF071003870A4 /* Debug */ = {
			isa = XCBuildConfiguration;
			buildSettings = {
				ALWAYS_SEARCH_USER_PATHS = NO;
				CLANG_CXX_LANGUAGE_STANDARD = "gnu++0x";
				CLANG_CXX_LIBRARY = "libc++";
				CLANG_ENABLE_MODULES = YES;
				CLANG_ENABLE_OBJC_ARC = YES;
				CLANG_WARN_BOOL_CONVERSION = YES;
				CLANG_WARN_CONSTANT_CONVERSION = YES;
				CLANG_WARN_DIRECT_OBJC_ISA_USAGE = YES_ERROR;
				CLANG_WARN_EMPTY_BODY = YES;
				CLANG_WARN_ENUM_CONVERSION = YES;
				CLANG_WARN_INT_CONVERSION = YES;
				CLANG_WARN_OBJC_ROOT_CLASS = YES_ERROR;
				CLANG_WARN_UNREACHABLE_CODE = YES;
				CLANG_WARN__DUPLICATE_METHOD_MATCH = YES;
				"CODE_SIGN_IDENTITY[sdk=iphoneos*]" = "iPhone Developer";
				COPY_PHASE_STRIP = NO;
				ENABLE_STRICT_OBJC_MSGSEND = YES;
				GCC_C_LANGUAGE_STANDARD = gnu99;
				GCC_DYNAMIC_NO_PIC = NO;
				GCC_OPTIMIZATION_LEVEL = 0;
				GCC_PREPROCESSOR_DEFINITIONS = (
					"DEBUG=1",
					"$(inherited)",
				);
				GCC_SYMBOLS_PRIVATE_EXTERN = NO;
				GCC_WARN_64_TO_32_BIT_CONVERSION = YES;
				GCC_WARN_ABOUT_RETURN_TYPE = YES_ERROR;
				GCC_WARN_UNDECLARED_SELECTOR = YES;
				GCC_WARN_UNINITIALIZED_AUTOS = YES_AGGRESSIVE;
				GCC_WARN_UNUSED_FUNCTION = YES;
				GCC_WARN_UNUSED_VARIABLE = YES;
				IPHONEOS_DEPLOYMENT_TARGET = 8.0;
				MTL_ENABLE_DEBUG_INFO = YES;
				ONLY_ACTIVE_ARCH = YES;
				SDKROOT = iphoneos;
			};
			name = Debug;
		};
		09D30FF31AABF071003870A4 /* Release */ = {
			isa = XCBuildConfiguration;
			buildSettings = {
				ALWAYS_SEARCH_USER_PATHS = NO;
				CLANG_CXX_LANGUAGE_STANDARD = "gnu++0x";
				CLANG_CXX_LIBRARY = "libc++";
				CLANG_ENABLE_MODULES = YES;
				CLANG_ENABLE_OBJC_ARC = YES;
				CLANG_WARN_BOOL_CONVERSION = YES;
				CLANG_WARN_CONSTANT_CONVERSION = YES;
				CLANG_WARN_DIRECT_OBJC_ISA_USAGE = YES_ERROR;
				CLANG_WARN_EMPTY_BODY = YES;
				CLANG_WARN_ENUM_CONVERSION = YES;
				CLANG_WARN_INT_CONVERSION = YES;
				CLANG_WARN_OBJC_ROOT_CLASS = YES_ERROR;
				CLANG_WARN_UNREACHABLE_CODE = YES;
				CLANG_WARN__DUPLICATE_METHOD_MATCH = YES;
				"CODE_SIGN_IDENTITY[sdk=iphoneos*]" = "iPhone Developer";
				COPY_PHASE_STRIP = YES;
				ENABLE_NS_ASSERTIONS = NO;
				ENABLE_STRICT_OBJC_MSGSEND = YES;
				GCC_C_LANGUAGE_STANDARD = gnu99;
				GCC_WARN_64_TO_32_BIT_CONVERSION = YES;
				GCC_WARN_ABOUT_RETURN_TYPE = YES_ERROR;
				GCC_WARN_UNDECLARED_SELECTOR = YES;
				GCC_WARN_UNINITIALIZED_AUTOS = YES_AGGRESSIVE;
				GCC_WARN_UNUSED_FUNCTION = YES;
				GCC_WARN_UNUSED_VARIABLE = YES;
				IPHONEOS_DEPLOYMENT_TARGET = 8.0;
				MTL_ENABLE_DEBUG_INFO = NO;
				SDKROOT = iphoneos;
				VALIDATE_PRODUCT = YES;
			};
			name = Release;
		};
		09D30FF51AABF071003870A4 /* Debug */ = {
			isa = XCBuildConfiguration;
			buildSettings = {
				ASSETCATALOG_COMPILER_APPICON_NAME = AppIcon;
				INFOPLIST_FILE = UdpBroadcastTestForIOS/Info.plist;
				LD_RUNPATH_SEARCH_PATHS = "$(inherited) @executable_path/Frameworks";
				PRODUCT_NAME = "$(TARGET_NAME)";
			};
			name = Debug;
		};
		09D30FF61AABF071003870A4 /* Release */ = {
			isa = XCBuildConfiguration;
			buildSettings = {
				ASSETCATALOG_COMPILER_APPICON_NAME = AppIcon;
				INFOPLIST_FILE = UdpBroadcastTestForIOS/Info.plist;
				LD_RUNPATH_SEARCH_PATHS = "$(inherited) @executable_path/Frameworks";
				PRODUCT_NAME = "$(TARGET_NAME)";
			};
			name = Release;
		};
		09D30FF81AABF071003870A4 /* Debug */ = {
			isa = XCBuildConfiguration;
			buildSettings = {
				BUNDLE_LOADER = "$(TEST_HOST)";
				FRAMEWORK_SEARCH_PATHS = (
					"$(SDKROOT)/Developer/Library/Frameworks",
					"$(inherited)",
				);
				GCC_PREPROCESSOR_DEFINITIONS = (
					"DEBUG=1",
					"$(inherited)",
				);
				INFOPLIST_FILE = UdpBroadcastTestForIOSTests/Info.plist;
				LD_RUNPATH_SEARCH_PATHS = "$(inherited) @executable_path/Frameworks @loader_path/Frameworks";
				PRODUCT_NAME = "$(TARGET_NAME)";
				TEST_HOST = "$(BUILT_PRODUCTS_DIR)/UdpBroadcastTestForIOS.app/UdpBroadcastTestForIOS";
			};
			name = Debug;
		};
		09D30FF91AABF071003870A4 /* Release */ = {
			isa = XCBuildConfiguration;
			buildSettings = {
				BUNDLE_LOADER = "$(TEST_HOST)";
				FRAMEWORK_SEARCH_PATHS = (
					"$(SDKROOT)/Developer/Library/Frameworks",
					"$(inherited)",
				);
				INFOPLIST_FILE = UdpBroadcastTestForIOSTests/Info.plist;
				LD_RUNPATH_SEARCH_PATHS = "$(inherited) @executable_path/Frameworks @loader_path/Frameworks";
				PRODUCT_NAME = "$(TARGET_NAME)";
				TEST_HOST = "$(BUILT_PRODUCTS_DIR)/UdpBroadcastTestForIOS.app/UdpBroadcastTestForIOS";
			};
			name = Release;
		};
/* End XCBuildConfiguration section */

/* Begin XCConfigurationList section */
		09D30FCC1AABF070003870A4 /* Build configuration list for PBXProject "UdpBroadcastTestForIOS" */ = {
			isa = XCConfigurationList;
			buildConfigurations = (
				09D30FF21AABF071003870A4 /* Debug */,
				09D30FF31AABF071003870A4 /* Release */,
			);
			defaultConfigurationIsVisible = 0;
			defaultConfigurationName = Release;
		};
		09D30FF41AABF071003870A4 /* Build configuration list for PBXNativeTarget "UdpBroadcastTestForIOS" */ = {
			isa = XCConfigurationList;
			buildConfigurations = (
				09D30FF51AABF071003870A4 /* Debug */,
				09D30FF61AABF071003870A4 /* Release */,
			);
			defaultConfigurationIsVisible = 0;
			defaultConfigurationName = Release;
		};
		09D30FF71AABF071003870A4 /* Build configuration list for PBXNativeTarget "UdpBroadcastTestForIOSTests" */ = {
			isa = XCConfigurationList;
			buildConfigurations = (
				09D30FF81AABF071003870A4 /* Debug */,
				09D30FF91AABF071003870A4 /* Release */,
			);
			defaultConfigurationIsVisible = 0;
			defaultConfigurationName = Release;
		};
/* End XCConfigurationList section */
	};
	rootObject = 09D30FC91AABF070003870A4 /* Project object */;
}
